// !$*UTF8*$!
{
	archiveVersion = 1;
	classes = {
	};
	objectVersion = 46;
	objects = {

/* Begin PBXBuildFile section */
		3ED75B341CB782B8000919DB /* AppKit.framework in Frameworks */ = {isa = PBXBuildFile; fileRef = 3ED75B331CB782B8000919DB /* AppKit.framework */; };
		3ED75B361CB782B8000919DB /* Foundation.framework in Frameworks */ = {isa = PBXBuildFile; fileRef = 3ED75B351CB782B8000919DB /* Foundation.framework */; };
		3ED75B3A1CB782B8000919DB /* QuickDeletePlugin.xcscheme in Resources */ = {isa = PBXBuildFile; fileRef = 3ED75B391CB782B8000919DB /* QuickDeletePlugin.xcscheme */; };
		3ED75B3D1CB782B8000919DB /* QuickDeletePlugin.m in Sources */ = {isa = PBXBuildFile; fileRef = 3ED75B3C1CB782B8000919DB /* QuickDeletePlugin.m */; };
		3ED75B401CB782B8000919DB /* NSObject_Extension.m in Sources */ = {isa = PBXBuildFile; fileRef = 3ED75B3F1CB782B8000919DB /* NSObject_Extension.m */; };
/* End PBXBuildFile section */

/* Begin PBXFileReference section */
		3ED75B301CB782B8000919DB /* QuickDeletePlugin.xcplugin */ = {isa = PBXFileReference; explicitFileType = wrapper.cfbundle; includeInIndex = 0; path = QuickDeletePlugin.xcplugin; sourceTree = BUILT_PRODUCTS_DIR; };
		3ED75B331CB782B8000919DB /* AppKit.framework */ = {isa = PBXFileReference; lastKnownFileType = wrapper.framework; name = AppKit.framework; path = /System/Library/Frameworks/AppKit.framework; sourceTree = "<absolute>"; };
		3ED75B351CB782B8000919DB /* Foundation.framework */ = {isa = PBXFileReference; lastKnownFileType = wrapper.framework; name = Foundation.framework; path = /System/Library/Frameworks/Foundation.framework; sourceTree = "<absolute>"; };
		3ED75B391CB782B8000919DB /* QuickDeletePlugin.xcscheme */ = {isa = PBXFileReference; lastKnownFileType = text.xml; name = QuickDeletePlugin.xcscheme; path = QuickDeletePlugin.xcodeproj/xcshareddata/xcschemes/QuickDeletePlugin.xcscheme; sourceTree = SOURCE_ROOT; };
		3ED75B3B1CB782B8000919DB /* QuickDeletePlugin.h */ = {isa = PBXFileReference; lastKnownFileType = sourcecode.c.h; path = QuickDeletePlugin.h; sourceTree = "<group>"; };
		3ED75B3C1CB782B8000919DB /* QuickDeletePlugin.m */ = {isa = PBXFileReference; lastKnownFileType = sourcecode.c.objc; path = QuickDeletePlugin.m; sourceTree = "<group>"; };
		3ED75B3E1CB782B8000919DB /* NSObject_Extension.h */ = {isa = PBXFileReference; lastKnownFileType = sourcecode.c.h; path = NSObject_Extension.h; sourceTree = "<group>"; };
		3ED75B3F1CB782B8000919DB /* NSObject_Extension.m */ = {isa = PBXFileReference; lastKnownFileType = sourcecode.c.objc; path = NSObject_Extension.m; sourceTree = "<group>"; };
		3ED75B411CB782B8000919DB /* Info.plist */ = {isa = PBXFileReference; lastKnownFileType = text.plist.xml; path = Info.plist; sourceTree = "<group>"; };
/* End PBXFileReference section */

/* Begin PBXFrameworksBuildPhase section */
		3ED75B2E1CB782B8000919DB /* Frameworks */ = {
			isa = PBXFrameworksBuildPhase;
			buildActionMask = 2147483647;
			files = (
				3ED75B341CB782B8000919DB /* AppKit.framework in Frameworks */,
				3ED75B361CB782B8000919DB /* Foundation.framework in Frameworks */,
			);
			runOnlyForDeploymentPostprocessing = 0;
		};
/* End PBXFrameworksBuildPhase section */

/* Begin PBXGroup section */
		3ED75B271CB782B8000919DB = {
			isa = PBXGroup;
			children = (
				3ED75B371CB782B8000919DB /* QuickDeletePlugin */,
				3ED75B321CB782B8000919DB /* Frameworks */,
				3ED75B311CB782B8000919DB /* Products */,
			);
			sourceTree = "<group>";
		};
		3ED75B311CB782B8000919DB /* Products */ = {
			isa = PBXGroup;
			children = (
				3ED75B301CB782B8000919DB /* QuickDeletePlugin.xcplugin */,
			);
			name = Products;
			sourceTree = "<group>";
		};
		3ED75B321CB782B8000919DB /* Frameworks */ = {
			isa = PBXGroup;
			children = (
				3ED75B331CB782B8000919DB /* AppKit.framework */,
				3ED75B351CB782B8000919DB /* Foundation.framework */,
			);
			name = Frameworks;
			sourceTree = "<group>";
		};
		3ED75B371CB782B8000919DB /* QuickDeletePlugin */ = {
			isa = PBXGroup;
			children = (
				3ED75B3B1CB782B8000919DB /* QuickDeletePlugin.h */,
				3ED75B3C1CB782B8000919DB /* QuickDeletePlugin.m */,
				3ED75B3E1CB782B8000919DB /* NSObject_Extension.h */,
				3ED75B3F1CB782B8000919DB /* NSObject_Extension.m */,
				3ED75B411CB782B8000919DB /* Info.plist */,
				3ED75B381CB782B8000919DB /* Supporting Files */,
			);
			path = QuickDeletePlugin;
			sourceTree = "<group>";
		};
		3ED75B381CB782B8000919DB /* Supporting Files */ = {
			isa = PBXGroup;
			children = (
				3ED75B391CB782B8000919DB /* QuickDeletePlugin.xcscheme */,
			);
			name = "Supporting Files";
			sourceTree = "<group>";
		};
/* End PBXGroup section */

/* Begin PBXNativeTarget section */
		3ED75B2F1CB782B8000919DB /* QuickDeletePlugin */ = {
			isa = PBXNativeTarget;
			buildConfigurationList = 3ED75B441CB782B8000919DB /* Build configuration list for PBXNativeTarget "QuickDeletePlugin" */;
			buildPhases = (
				3ED75B2C1CB782B8000919DB /* Sources */,
				3ED75B2D1CB782B8000919DB /* Resources */,
				3ED75B2E1CB782B8000919DB /* Frameworks */,
			);
			buildRules = (
			);
			dependencies = (
			);
			name = QuickDeletePlugin;
			productName = QuickDeletePlugin;
			productReference = 3ED75B301CB782B8000919DB /* QuickDeletePlugin.xcplugin */;
			productType = "com.apple.product-type.bundle";
		};
/* End PBXNativeTarget section */

/* Begin PBXProject section */
		3ED75B281CB782B8000919DB /* Project object */ = {
			isa = PBXProject;
			attributes = {
				LastUpgradeCheck = 0730;
				ORGANIZATIONNAME = "Robin Studio";
				TargetAttributes = {
					3ED75B2F1CB782B8000919DB = {
						CreatedOnToolsVersion = 7.3;
					};
				};
			};
			buildConfigurationList = 3ED75B2B1CB782B8000919DB /* Build configuration list for PBXProject "QuickDeletePlugin" */;
			compatibilityVersion = "Xcode 3.2";
			developmentRegion = English;
			hasScannedForEncodings = 0;
			knownRegions = (
				en,
			);
			mainGroup = 3ED75B271CB782B8000919DB;
			productRefGroup = 3ED75B311CB782B8000919DB /* Products */;
			projectDirPath = "";
			projectRoot = "";
			targets = (
				3ED75B2F1CB782B8000919DB /* QuickDeletePlugin */,
			);
		};
/* End PBXProject section */

/* Begin PBXResourcesBuildPhase section */
		3ED75B2D1CB782B8000919DB /* Resources */ = {
			isa = PBXResourcesBuildPhase;
			buildActionMask = 2147483647;
			files = (
				3ED75B3A1CB782B8000919DB /* QuickDeletePlugin.xcscheme in Resources */,
			);
			runOnlyForDeploymentPostprocessing = 0;
		};
/* End PBXResourcesBuildPhase section */

/* Begin PBXSourcesBuildPhase section */
		3ED75B2C1CB782B8000919DB /* Sources */ = {
			isa = PBXSourcesBuildPhase;
			buildActionMask = 2147483647;
			files = (
				3ED75B3D1CB782B8000919DB /* QuickDeletePlugin.m in Sources */,
				3ED75B401CB782B8000919DB /* NSObject_Extension.m in Sources */,
			);
			runOnlyForDeploymentPostprocessing = 0;
		};
/* End PBXSourcesBuildPhase section */

/* Begin XCBuildConfiguration section */
		3ED75B421CB782B8000919DB /* Debug */ = {
			isa = XCBuildConfiguration;
			buildSettings = {
				ALWAYS_SEARCH_USER_PATHS = NO;
				CLANG_ANALYZER_NONNULL = YES;
				CLANG_CXX_LANGUAGE_STANDARD = "gnu++0x";
				CLANG_CXX_LIBRARY = "libc++";
				CLANG_ENABLE_MODULES = YES;
				CLANG_ENABLE_OBJC_ARC = YES;
				CLANG_WARN_BOOL_CONVERSION = YES;
				CLANG_WARN_CONSTANT_CONVERSION = YES;
				CLANG_WARN_DIRECT_OBJC_ISA_USAGE = YES_ERROR;
				CLANG_WARN_EMPTY_BODY = YES;
				CLANG_WARN_ENUM_CONVERSION = YES;
				CLANG_WARN_INT_CONVERSION = YES;
				CLANG_WARN_OBJC_ROOT_CLASS = YES_ERROR;
				CLANG_WARN_UNREACHABLE_CODE = YES;
				CLANG_WARN__DUPLICATE_METHOD_MATCH = YES;
				COPY_PHASE_STRIP = NO;
				DEBUG_INFORMATION_FORMAT = dwarf;
				ENABLE_STRICT_OBJC_MSGSEND = YES;
				ENABLE_TESTABILITY = YES;
				GCC_C_LANGUAGE_STANDARD = gnu99;
				GCC_DYNAMIC_NO_PIC = NO;
				GCC_NO_COMMON_BLOCKS = YES;
				GCC_OPTIMIZATION_LEVEL = 0;
				GCC_PREPROCESSOR_DEFINITIONS = (
					"DEBUG=1",
					"$(inherited)",
				);
				GCC_WARN_64_TO_32_BIT_CONVERSION = YES;
				GCC_WARN_ABOUT_RETURN_TYPE = YES_ERROR;
				GCC_WARN_UNDECLARED_SELECTOR = YES;
				GCC_WARN_UNINITIALIZED_AUTOS = YES_AGGRESSIVE;
				GCC_WARN_UNUSED_FUNCTION = YES;
				GCC_WARN_UNUSED_VARIABLE = YES;
				MTL_ENABLE_DEBUG_INFO = YES;
				ONLY_ACTIVE_ARCH = YES;
			};
			name = Debug;
		};
		3ED75B431CB782B8000919DB /* Release */ = {
			isa = XCBuildConfiguration;
			buildSettings = {
				ALWAYS_SEARCH_USER_PATHS = NO;
				CLANG_ANALYZER_NONNULL = YES;
				CLANG_CXX_LANGUAGE_STANDARD = "gnu++0x";
				CLANG_CXX_LIBRARY = "libc++";
				CLANG_ENABLE_MODULES = YES;
				CLANG_ENABLE_OBJC_ARC = YES;
				CLANG_WARN_BOOL_CONVERSION = YES;
				CLANG_WARN_CONSTANT_CONVERSION = YES;
				CLANG_WARN_DIRECT_OBJC_ISA_USAGE = YES_ERROR;
				CLANG_WARN_EMPTY_BODY = YES;
				CLANG_WARN_ENUM_CONVERSION = YES;
				CLANG_WARN_INT_CONVERSION = YES;
				CLANG_WARN_OBJC_ROOT_CLASS = YES_ERROR;
				CLANG_WARN_UNREACHABLE_CODE = YES;
				CLANG_WARN__DUPLICATE_METHOD_MATCH = YES;
				COPY_PHASE_STRIP = NO;
				DEBUG_INFORMATION_FORMAT = "dwarf-with-dsym";
				ENABLE_NS_ASSERTIONS = NO;
				ENABLE_STRICT_OBJC_MSGSEND = YES;
				GCC_C_LANGUAGE_STANDARD = gnu99;
				GCC_NO_COMMON_BLOCKS = YES;
				GCC_WARN_64_TO_32_BIT_CONVERSION = YES;
				GCC_WARN_ABOUT_RETURN_TYPE = YES_ERROR;
				GCC_WARN_UNDECLARED_SELECTOR = YES;
				GCC_WARN_UNINITIALIZED_AUTOS = YES_AGGRESSIVE;
				GCC_WARN_UNUSED_FUNCTION = YES;
				GCC_WARN_UNUSED_VARIABLE = YES;
				MTL_ENABLE_DEBUG_INFO = NO;
			};
			name = Release;
		};
		3ED75B451CB782B8000919DB /* Debug */ = {
			isa = XCBuildConfiguration;
			buildSettings = {
				COMBINE_HIDPI_IMAGES = YES;
				DEPLOYMENT_LOCATION = YES;
				DSTROOT = "$(HOME)";
				INFOPLIST_FILE = QuickDeletePlugin/Info.plist;
				INSTALL_PATH = "/Library/Application Support/Developer/Shared/Xcode/Plug-ins";
				MACOSX_DEPLOYMENT_TARGET = 10.11;
				PRODUCT_BUNDLE_IDENTIFIER = com.mxzhang.xcode.QuickDeletePlugin;
				PRODUCT_NAME = "$(TARGET_NAME)";
				WRAPPER_EXTENSION = xcplugin;
			};
			name = Debug;
		};
		3ED75B461CB782B8000919DB /* Release */ = {
			isa = XCBuildConfiguration;
			buildSettings = {
				COMBINE_HIDPI_IMAGES = YES;
				DEPLOYMENT_LOCATION = YES;
				DSTROOT = "$(HOME)";
				INFOPLIST_FILE = QuickDeletePlugin/Info.plist;
				INSTALL_PATH = "/Library/Application Support/Developer/Shared/Xcode/Plug-ins";
				MACOSX_DEPLOYMENT_TARGET = 10.11;
				PRODUCT_BUNDLE_IDENTIFIER = com.mxzhang.xcode.QuickDeletePlugin;
				PRODUCT_NAME = "$(TARGET_NAME)";
				WRAPPER_EXTENSION = xcplugin;
			};
			name = Release;
		};
/* End XCBuildConfiguration section */

/* Begin XCConfigurationList section */
		3ED75B2B1CB782B8000919DB /* Build configuration list for PBXProject "QuickDeletePlugin" */ = {
			isa = XCConfigurationList;
			buildConfigurations = (
				3ED75B421CB782B8000919DB /* Debug */,
				3ED75B431CB782B8000919DB /* Release */,
			);
			defaultConfigurationIsVisible = 0;
			defaultConfigurationName = Release;
		};
		3ED75B441CB782B8000919DB /* Build configuration list for PBXNativeTarget "QuickDeletePlugin" */ = {
			isa = XCConfigurationList;
			buildConfigurations = (
				3ED75B451CB782B8000919DB /* Debug */,
				3ED75B461CB782B8000919DB /* Release */,
			);
			defaultConfigurationIsVisible = 0;
		};
/* End XCConfigurationList section */
	};
	rootObject = 3ED75B281CB782B8000919DB /* Project object */;
}
